
Microsoft Visual Studio Solution File, Format Version 12.00
# Visual Studio Version 16
VisualStudioVersion = 16.0.29613.14
MinimumVisualStudioVersion = 10.0.40219.1
Project("{FAE04EC0-301F-11D3-BF4B-00C04F79EFBC}") = "ProxyPattern", "ProxyPattern\ProxyPattern.csproj", "{CDEDBCC2-59CF-40F8-88A6-90C9CC8C513D}"
EndProject
Global
	GlobalSection(SolutionConfigurationPlatforms) = preSolution
		Debug|Any CPU = Debug|Any CPU
		Release|Any CPU = Release|Any CPU
	EndGlobalSection
	GlobalSection(ProjectConfigurationPlatforms) = postSolution
		{CDEDBCC2-59CF-40F8-88A6-90C9CC8C513D}.Debug|Any CPU.ActiveCfg = Debug|Any CPU
		{CDEDBCC2-59CF-40F8-88A6-90C9CC8C513D}.Debug|Any CPU.Build.0 = Debug|Any CPU
		{CDEDBCC2-59CF-40F8-88A6-90C9CC8C513D}.Release|Any CPU.ActiveCfg = Release|Any CPU
		{CDEDBCC2-59CF-40F8-88A6-90C9CC8C513D}.Release|Any CPU.Build.0 = Release|Any CPU
	EndGlobalSection
	GlobalSection(SolutionProperties) = preSolution
		HideSolutionNode = FALSE
	EndGlobalSection
	GlobalSection(ExtensibilityGlobals) = postSolution
		SolutionGuid = {658D95DD-82DE-478A-B72F-926A28E570E8}
	EndGlobalSection
EndGlobal
